<?xml version="1.0" encoding="utf-8"?>
<Project ToolsVersion="4.0" xmlns="http://schemas.microsoft.com/developer/msbuild/2003">
  <ItemGroup>
    <ClInclude Include="Main.h" />
    <ClInclude Include="stdafx.h" />
    <ClInclude Include="Player.h">
      <Filter>GameObject</Filter>
    </ClInclude>
    <ClInclude Include="Ball.h">
      <Filter>GameObject</Filter>
    </ClInclude>
    <ClInclude Include="Bullet_proto.h">
      <Filter>GameObject</Filter>
    </ClInclude>
    <ClInclude Include="Gun_pistol.h">
      <Filter>GameObject</Filter>
    </ClInclude>
    <ClInclude Include="Ob_floor.h" />
    <ClInclude Include="Ob_movable.h" />
    <ClInclude Include="Ob_drag.h" />
  </ItemGroup>
  <ItemGroup>
    <ClCompile Include="Main.cpp" />
    <ClCompile Include="Player.cpp">
      <Filter>GameObject</Filter>
    </ClCompile>
    <ClCompile Include="Ball.cpp">
      <Filter>GameObject</Filter>
    </ClCompile>
    <ClCompile Include="Bullet_proto.cpp">
      <Filter>GameObject</Filter>
    </ClCompile>
    <ClCompile Include="Gun_pistol.cpp">
      <Filter>GameObject</Filter>
    </ClCompile>
    <ClCompile Include="Ob_floor.cpp" />
    <ClCompile Include="Ob_movable.cpp" />
    <ClCompile Include="Ob_drag.cpp" />
  </ItemGroup>
  <ItemGroup>
    <Filter Include="GameObject">
      <UniqueIdentifier>{355ff697-d03c-4bdd-bdae-32eee4c60bf3}</UniqueIdentifier>
    </Filter>
  </ItemGroup>
</Project>